
Microsoft Visual Studio Solution File, Format Version 12.00
# Visual Studio Version 16
VisualStudioVersion = 16.0.29728.190
MinimumVisualStudioVersion = 10.0.40219.1
Project("{FAE04EC0-301F-11D3-BF4B-00C04F79EFBC}") = "Saplin.xOPS.UI", "Saplin.xOPS.UI\Saplin.xOPS.UI.csproj", "{22AB2BE1-1E83-459B-86B1-1387F4A30FD7}"
EndProject
Project("{FAE04EC0-301F-11D3-BF4B-00C04F79EFBC}") = "Saplin.xOPS.Android", "Saplin.xOPS.Android\Saplin.xOPS.Android.csproj", "{30FAAC84-AA73-482F-A80B-ED150DDD119F}"
EndProject
Project("{9344BDBB-3E7F-41FC-A0DD-8665D75EE146}") = "Saplin.xOPS.Mac", "Saplin.xOPS.Mac\Saplin.xOPS.Mac.csproj", "{D00814DD-5AFC-4BCE-9009-7E66D9EC98F2}"
EndProject
Project("{9344BDBB-3E7F-41FC-A0DD-8665D75EE146}") = "Saplin.xOPS.WPF.Core", "Saplin.xOPS.WPF\Saplin.xOPS.WPF.Core.csproj", "{3AB78BCF-0461-4D7B-8525-069FA6EFE9FE}"
EndProject
Project("{9344BDBB-3E7F-41FC-A0DD-8665D75EE146}") = "Saplin.xOPS.WPF", "Saplin.xOPS.WPF\Saplin.xOPS.WPF.csproj", "{543A35AB-735D-4DDE-BABB-066BE574B11F}"
EndProject
Global
	GlobalSection(SolutionConfigurationPlatforms) = preSolution
		Debug Huawei|Any CPU = Debug Huawei|Any CPU
		Debug Huawei|x64 = Debug Huawei|x64
		Debug|Any CPU = Debug|Any CPU
		Debug|x64 = Debug|x64
		Release Huawei|Any CPU = Release Huawei|Any CPU
		Release Huawei|x64 = Release Huawei|x64
		Release|Any CPU = Release|Any CPU
		Release|x64 = Release|x64
		Release Play|Any CPU = Release Play|Any CPU
	EndGlobalSection
	GlobalSection(ProjectConfigurationPlatforms) = postSolution
		{22AB2BE1-1E83-459B-86B1-1387F4A30FD7}.Debug Huawei|Any CPU.ActiveCfg = Debug Huawei|Any CPU
		{22AB2BE1-1E83-459B-86B1-1387F4A30FD7}.Debug Huawei|Any CPU.Build.0 = Debug Huawei|Any CPU
		{22AB2BE1-1E83-459B-86B1-1387F4A30FD7}.Debug|Any CPU.ActiveCfg = Debug|Any CPU
		{22AB2BE1-1E83-459B-86B1-1387F4A30FD7}.Debug|Any CPU.Build.0 = Debug|Any CPU
		{22AB2BE1-1E83-459B-86B1-1387F4A30FD7}.Debug|Any CPU.Deploy.0 = Debug|Any CPU
		{22AB2BE1-1E83-459B-86B1-1387F4A30FD7}.Release Huawei|Any CPU.ActiveCfg = Release Huawei|Any CPU
		{22AB2BE1-1E83-459B-86B1-1387F4A30FD7}.Release Huawei|Any CPU.Build.0 = Release Huawei|Any CPU
		{22AB2BE1-1E83-459B-86B1-1387F4A30FD7}.Release|Any CPU.ActiveCfg = Release|Any CPU
		{22AB2BE1-1E83-459B-86B1-1387F4A30FD7}.Release|Any CPU.Build.0 = Release|Any CPU
		{22AB2BE1-1E83-459B-86B1-1387F4A30FD7}.Release|Any CPU.Deploy.0 = Release|Any CPU
		{22AB2BE1-1E83-459B-86B1-1387F4A30FD7}.Release Play|Any CPU.ActiveCfg = Release Play|Any CPU
		{22AB2BE1-1E83-459B-86B1-1387F4A30FD7}.Release Play|Any CPU.Build.0 = Release Play|Any CPU
		{30FAAC84-AA73-482F-A80B-ED150DDD119F}.Debug Huawei|Any CPU.ActiveCfg = Debug|Any CPU
		{30FAAC84-AA73-482F-A80B-ED150DDD119F}.Debug Huawei|Any CPU.Build.0 = Debug|Any CPU
		{30FAAC84-AA73-482F-A80B-ED150DDD119F}.Debug|Any CPU.ActiveCfg = Debug|Any CPU
		{30FAAC84-AA73-482F-A80B-ED150DDD119F}.Debug|Any CPU.Build.0 = Debug|Any CPU
		{30FAAC84-AA73-482F-A80B-ED150DDD119F}.Release Huawei|Any CPU.ActiveCfg = Release|Any CPU
		{30FAAC84-AA73-482F-A80B-ED150DDD119F}.Release Huawei|Any CPU.Build.0 = Release|Any CPU
		{30FAAC84-AA73-482F-A80B-ED150DDD119F}.Release|Any CPU.ActiveCfg = Release|Any CPU
		{30FAAC84-AA73-482F-A80B-ED150DDD119F}.Release|Any CPU.Build.0 = Release|Any CPU
		{30FAAC84-AA73-482F-A80B-ED150DDD119F}.Release Play|Any CPU.ActiveCfg = Release|Any CPU
		{30FAAC84-AA73-482F-A80B-ED150DDD119F}.Release Play|Any CPU.Build.0 = Release|Any CPU
		{D00814DD-5AFC-4BCE-9009-7E66D9EC98F2}.Debug Huawei|Any CPU.ActiveCfg = Debug|Any CPU
		{D00814DD-5AFC-4BCE-9009-7E66D9EC98F2}.Debug Huawei|Any CPU.Build.0 = Debug|Any CPU
		{D00814DD-5AFC-4BCE-9009-7E66D9EC98F2}.Debug|Any CPU.ActiveCfg = Debug|Any CPU
		{D00814DD-5AFC-4BCE-9009-7E66D9EC98F2}.Debug|Any CPU.Build.0 = Debug|Any CPU
		{D00814DD-5AFC-4BCE-9009-7E66D9EC98F2}.Release Huawei|Any CPU.ActiveCfg = Release|Any CPU
		{D00814DD-5AFC-4BCE-9009-7E66D9EC98F2}.Release Huawei|Any CPU.Build.0 = Release|Any CPU
		{D00814DD-5AFC-4BCE-9009-7E66D9EC98F2}.Release|Any CPU.ActiveCfg = Release|Any CPU
		{D00814DD-5AFC-4BCE-9009-7E66D9EC98F2}.Release|Any CPU.Build.0 = Release|Any CPU
		{D00814DD-5AFC-4BCE-9009-7E66D9EC98F2}.Release Play|Any CPU.ActiveCfg = Release Play|Any CPU
		{3AB78BCF-0461-4D7B-8525-069FA6EFE9FE}.Debug Huawei|Any CPU.ActiveCfg = Debug|Any CPU
		{3AB78BCF-0461-4D7B-8525-069FA6EFE9FE}.Debug Huawei|Any CPU.Build.0 = Debug|Any CPU
		{3AB78BCF-0461-4D7B-8525-069FA6EFE9FE}.Debug|Any CPU.ActiveCfg = Debug|Any CPU
		{3AB78BCF-0461-4D7B-8525-069FA6EFE9FE}.Debug|Any CPU.Build.0 = Debug|Any CPU
		{3AB78BCF-0461-4D7B-8525-069FA6EFE9FE}.Release Huawei|Any CPU.ActiveCfg = Release|Any CPU
		{3AB78BCF-0461-4D7B-8525-069FA6EFE9FE}.Release Huawei|Any CPU.Build.0 = Release|Any CPU
		{3AB78BCF-0461-4D7B-8525-069FA6EFE9FE}.Release|Any CPU.ActiveCfg = Release|Any CPU
		{3AB78BCF-0461-4D7B-8525-069FA6EFE9FE}.Release|Any CPU.Build.0 = Release|Any CPU
		{3AB78BCF-0461-4D7B-8525-069FA6EFE9FE}.Release Play|Any CPU.ActiveCfg = Release Play|Any CPU
		{543A35AB-735D-4DDE-BABB-066BE574B11F}.Debug Huawei|Any CPU.ActiveCfg = Debug|Any CPU
		{543A35AB-735D-4DDE-BABB-066BE574B11F}.Debug Huawei|Any CPU.Build.0 = Debug|Any CPU
		{543A35AB-735D-4DDE-BABB-066BE574B11F}.Debug|Any CPU.ActiveCfg = Debug|Any CPU
		{543A35AB-735D-4DDE-BABB-066BE574B11F}.Debug|Any CPU.Build.0 = Debug|Any CPU
		{543A35AB-735D-4DDE-BABB-066BE574B11F}.Release Huawei|Any CPU.ActiveCfg = Release|Any CPU
		{543A35AB-735D-4DDE-BABB-066BE574B11F}.Release Huawei|Any CPU.Build.0 = Release|Any CPU
		{543A35AB-735D-4DDE-BABB-066BE574B11F}.Release|Any CPU.ActiveCfg = Release|Any CPU
		{543A35AB-735D-4DDE-BABB-066BE574B11F}.Release|Any CPU.Build.0 = Release|Any CPU
		{543A35AB-735D-4DDE-BABB-066BE574B11F}.Release Play|Any CPU.ActiveCfg = Release Play|Any CPU
	EndGlobalSection
	GlobalSection(SolutionProperties) = preSolution
		HideSolutionNode = FALSE
	EndGlobalSection
	GlobalSection(ExtensibilityGlobals) = postSolution
		SolutionGuid = {A875D7E2-627E-42F0-BF9F-46E16632FCF6}
	EndGlobalSection
EndGlobal
